
Microsoft Visual Studio Solution File, Format Version 12.00
# Visual Studio Version 17
VisualStudioVersion = 17.10.35004.147
MinimumVisualStudioVersion = 10.0.40219.1
Project("{FAE04EC0-301F-11D3-BF4B-00C04F79EFBC}") = "demo", "demo\demo.csproj", "{2205636A-F5EF-42E1-97BD-408FEF36C8F5}"
EndProject
Global
	GlobalSection(SolutionConfigurationPlatforms) = preSolution
		Debug|Any CPU = Debug|Any CPU
		Release|Any CPU = Release|Any CPU
	EndGlobalSection
	GlobalSection(ProjectConfigurationPlatforms) = postSolution
		{2205636A-F5EF-42E1-97BD-408FEF36C8F5}.Debug|Any CPU.ActiveCfg = Debug|Any CPU
		{2205636A-F5EF-42E1-97BD-408FEF36C8F5}.Debug|Any CPU.Build.0 = Debug|Any CPU
		{2205636A-F5EF-42E1-97BD-408FEF36C8F5}.Release|Any CPU.ActiveCfg = Release|Any CPU
		{2205636A-F5EF-42E1-97BD-408FEF36C8F5}.Release|Any CPU.Build.0 = Release|Any CPU
	EndGlobalSection
	GlobalSection(SolutionProperties) = preSolution
		HideSolutionNode = FALSE
	EndGlobalSection
	GlobalSection(ExtensibilityGlobals) = postSolution
		SolutionGuid = {3438D5CC-C5EE-4408-B790-5B7D41ECA648}
	EndGlobalSection
EndGlobal
